// !$*UTF8*$!
{
	archiveVersion = 1;
	classes = {
	};
	objectVersion = 51;
	objects = {

/* Begin PBXBuildFile section */
		30118DAE2432770000466264 /* ApiManager.swift in Sources */ = {isa = PBXBuildFile; fileRef = 30118DAD2432770000466264 /* ApiManager.swift */; };
		303EAF9B24313568003DC059 /* AuthResponse.swift in Sources */ = {isa = PBXBuildFile; fileRef = 303EAF9A24313568003DC059 /* AuthResponse.swift */; };
		303EAF9D243135A7003DC059 /* AvailableResponse.swift in Sources */ = {isa = PBXBuildFile; fileRef = 303EAF9C243135A7003DC059 /* AvailableResponse.swift */; };
		30EF7A00242E936E00815104 /* AppDelegate.swift in Sources */ = {isa = PBXBuildFile; fileRef = 30EF79FF242E936E00815104 /* AppDelegate.swift */; };
		30EF7A02242E936E00815104 /* SceneDelegate.swift in Sources */ = {isa = PBXBuildFile; fileRef = 30EF7A01242E936E00815104 /* SceneDelegate.swift */; };
		30EF7A04242E936E00815104 /* ContentView.swift in Sources */ = {isa = PBXBuildFile; fileRef = 30EF7A03242E936E00815104 /* ContentView.swift */; };
		30EF7A06242E936F00815104 /* Assets.xcassets in Resources */ = {isa = PBXBuildFile; fileRef = 30EF7A05242E936F00815104 /* Assets.xcassets */; };
		30EF7A09242E936F00815104 /* Preview Assets.xcassets in Resources */ = {isa = PBXBuildFile; fileRef = 30EF7A08242E936F00815104 /* Preview Assets.xcassets */; };
		30EF7A0C242E936F00815104 /* LaunchScreen.storyboard in Resources */ = {isa = PBXBuildFile; fileRef = 30EF7A0A242E936F00815104 /* LaunchScreen.storyboard */; };
		30EF7A14242EB83600815104 /* Globals.swift in Sources */ = {isa = PBXBuildFile; fileRef = 30EF7A13242EB83600815104 /* Globals.swift */; };
		9D7E2A266BC9A521CA89C6A3 /* Pods_iOS_API.framework in Frameworks */ = {isa = PBXBuildFile; fileRef = D7F3A66BF9586F067F915273 /* Pods_iOS_API.framework */; };
/* End PBXBuildFile section */

/* Begin PBXFileReference section */
		30118DAD2432770000466264 /* ApiManager.swift */ = {isa = PBXFileReference; lastKnownFileType = sourcecode.swift; path = ApiManager.swift; sourceTree = "<group>"; };
		303EAF9A24313568003DC059 /* AuthResponse.swift */ = {isa = PBXFileReference; lastKnownFileType = sourcecode.swift; path = AuthResponse.swift; sourceTree = "<group>"; };
		303EAF9C243135A7003DC059 /* AvailableResponse.swift */ = {isa = PBXFileReference; lastKnownFileType = sourcecode.swift; path = AvailableResponse.swift; sourceTree = "<group>"; };
		30EF79FC242E936E00815104 /* iOS_API.app */ = {isa = PBXFileReference; explicitFileType = wrapper.application; includeInIndex = 0; path = iOS_API.app; sourceTree = BUILT_PRODUCTS_DIR; };
		30EF79FF242E936E00815104 /* AppDelegate.swift */ = {isa = PBXFileReference; lastKnownFileType = sourcecode.swift; path = AppDelegate.swift; sourceTree = "<group>"; };
		30EF7A01242E936E00815104 /* SceneDelegate.swift */ = {isa = PBXFileReference; lastKnownFileType = sourcecode.swift; path = SceneDelegate.swift; sourceTree = "<group>"; };
		30EF7A03242E936E00815104 /* ContentView.swift */ = {isa = PBXFileReference; lastKnownFileType = sourcecode.swift; path = ContentView.swift; sourceTree = "<group>"; };
		30EF7A05242E936F00815104 /* Assets.xcassets */ = {isa = PBXFileReference; lastKnownFileType = folder.assetcatalog; path = Assets.xcassets; sourceTree = "<group>"; };
		30EF7A08242E936F00815104 /* Preview Assets.xcassets */ = {isa = PBXFileReference; lastKnownFileType = folder.assetcatalog; path = "Preview Assets.xcassets"; sourceTree = "<group>"; };
		30EF7A0B242E936F00815104 /* Base */ = {isa = PBXFileReference; lastKnownFileType = file.storyboard; name = Base; path = Base.lproj/LaunchScreen.storyboard; sourceTree = "<group>"; };
		30EF7A0D242E936F00815104 /* Info.plist */ = {isa = PBXFileReference; lastKnownFileType = text.plist.xml; path = Info.plist; sourceTree = "<group>"; };
		30EF7A13242EB83600815104 /* Globals.swift */ = {isa = PBXFileReference; lastKnownFileType = sourcecode.swift; path = Globals.swift; sourceTree = "<group>"; };
		67379F9930E252B8B6731488 /* Pods-iOS_API.release.xcconfig */ = {isa = PBXFileReference; includeInIndex = 1; lastKnownFileType = text.xcconfig; name = "Pods-iOS_API.release.xcconfig"; path = "Target Support Files/Pods-iOS_API/Pods-iOS_API.release.xcconfig"; sourceTree = "<group>"; };
		A68FE2E38519E248350DA625 /* Pods-iOS_API.debug.xcconfig */ = {isa = PBXFileReference; includeInIndex = 1; lastKnownFileType = text.xcconfig; name = "Pods-iOS_API.debug.xcconfig"; path = "Target Support Files/Pods-iOS_API/Pods-iOS_API.debug.xcconfig"; sourceTree = "<group>"; };
		D7F3A66BF9586F067F915273 /* Pods_iOS_API.framework */ = {isa = PBXFileReference; explicitFileType = wrapper.framework; includeInIndex = 0; path = Pods_iOS_API.framework; sourceTree = BUILT_PRODUCTS_DIR; };
/* End PBXFileReference section */

/* Begin PBXFrameworksBuildPhase section */
		30EF79F9242E936E00815104 /* Frameworks */ = {
			isa = PBXFrameworksBuildPhase;
			buildActionMask = 2147483647;
			files = (
				9D7E2A266BC9A521CA89C6A3 /* Pods_iOS_API.framework in Frameworks */,
			);
			runOnlyForDeploymentPostprocessing = 0;
		};
/* End PBXFrameworksBuildPhase section */

/* Begin PBXGroup section */
		24EEB405552C1920BA7F8A39 /* Frameworks */ = {
			isa = PBXGroup;
			children = (
				D7F3A66BF9586F067F915273 /* Pods_iOS_API.framework */,
			);
			name = Frameworks;
			sourceTree = "<group>";
		};
		30118DAC243276E600466264 /* Managers */ = {
			isa = PBXGroup;
			children = (
				30118DAD2432770000466264 /* ApiManager.swift */,
			);
			path = Managers;
			sourceTree = "<group>";
		};
		303EAF982431352B003DC059 /* Models */ = {
			isa = PBXGroup;
			children = (
				303EAF9A24313568003DC059 /* AuthResponse.swift */,
				303EAF9C243135A7003DC059 /* AvailableResponse.swift */,
			);
			path = Models;
			sourceTree = "<group>";
		};
		303EAF992431353B003DC059 /* Utils */ = {
			isa = PBXGroup;
			children = (
				30EF7A13242EB83600815104 /* Globals.swift */,
			);
			path = Utils;
			sourceTree = "<group>";
		};
		30EF79F3242E936E00815104 = {
			isa = PBXGroup;
			children = (
				30EF79FE242E936E00815104 /* iOS_API */,
				30EF79FD242E936E00815104 /* Products */,
				B4737AED306DB45B5E874437 /* Pods */,
				24EEB405552C1920BA7F8A39 /* Frameworks */,
			);
			sourceTree = "<group>";
		};
		30EF79FD242E936E00815104 /* Products */ = {
			isa = PBXGroup;
			children = (
				30EF79FC242E936E00815104 /* iOS_API.app */,
			);
			name = Products;
			sourceTree = "<group>";
		};
		30EF79FE242E936E00815104 /* iOS_API */ = {
			isa = PBXGroup;
			children = (
				30118DAC243276E600466264 /* Managers */,
				303EAF992431353B003DC059 /* Utils */,
				303EAF982431352B003DC059 /* Models */,
				30EF79FF242E936E00815104 /* AppDelegate.swift */,
				30EF7A01242E936E00815104 /* SceneDelegate.swift */,
				30EF7A03242E936E00815104 /* ContentView.swift */,
				30EF7A05242E936F00815104 /* Assets.xcassets */,
				30EF7A0A242E936F00815104 /* LaunchScreen.storyboard */,
				30EF7A0D242E936F00815104 /* Info.plist */,
				30EF7A07242E936F00815104 /* Preview Content */,
			);
			path = iOS_API;
			sourceTree = "<group>";
		};
		30EF7A07242E936F00815104 /* Preview Content */ = {
			isa = PBXGroup;
			children = (
				30EF7A08242E936F00815104 /* Preview Assets.xcassets */,
			);
			path = "Preview Content";
			sourceTree = "<group>";
		};
		B4737AED306DB45B5E874437 /* Pods */ = {
			isa = PBXGroup;
			children = (
				A68FE2E38519E248350DA625 /* Pods-iOS_API.debug.xcconfig */,
				67379F9930E252B8B6731488 /* Pods-iOS_API.release.xcconfig */,
			);
			path = Pods;
			sourceTree = "<group>";
		};
/* End PBXGroup section */

/* Begin PBXNativeTarget section */
		30EF79FB242E936E00815104 /* iOS_API */ = {
			isa = PBXNativeTarget;
			buildConfigurationList = 30EF7A10242E936F00815104 /* Build configuration list for PBXNativeTarget "iOS_API" */;
			buildPhases = (
				4C2BB56CD22EF5F9232646B4 /* [CP] Check Pods Manifest.lock */,
				30EF79F8242E936E00815104 /* Sources */,
				30EF79F9242E936E00815104 /* Frameworks */,
				30EF79FA242E936E00815104 /* Resources */,
				CF8C9155C53D5695AF47A7C4 /* [CP] Embed Pods Frameworks */,
			);
			buildRules = (
			);
			dependencies = (
			);
			name = iOS_API;
			productName = iOS_API;
			productReference = 30EF79FC242E936E00815104 /* iOS_API.app */;
			productType = "com.apple.product-type.application";
		};
/* End PBXNativeTarget section */

/* Begin PBXProject section */
		30EF79F4242E936E00815104 /* Project object */ = {
			isa = PBXProject;
			attributes = {
				LastSwiftUpdateCheck = 1140;
				LastUpgradeCheck = 1140;
				ORGANIZATIONNAME = "Ernesto Valdez";
				TargetAttributes = {
					30EF79FB242E936E00815104 = {
						CreatedOnToolsVersion = 11.4;
					};
				};
			};
			buildConfigurationList = 30EF79F7242E936E00815104 /* Build configuration list for PBXProject "iOS_API" */;
			compatibilityVersion = "Xcode 9.3";
			developmentRegion = en;
			hasScannedForEncodings = 0;
			knownRegions = (
				en,
				Base,
			);
			mainGroup = 30EF79F3242E936E00815104;
			productRefGroup = 30EF79FD242E936E00815104 /* Products */;
			projectDirPath = "";
			projectRoot = "";
			targets = (
				30EF79FB242E936E00815104 /* iOS_API */,
			);
		};
/* End PBXProject section */

/* Begin PBXResourcesBuildPhase section */
		30EF79FA242E936E00815104 /* Resources */ = {
			isa = PBXResourcesBuildPhase;
			buildActionMask = 2147483647;
			files = (
				30EF7A0C242E936F00815104 /* LaunchScreen.storyboard in Resources */,
				30EF7A09242E936F00815104 /* Preview Assets.xcassets in Resources */,
				30EF7A06242E936F00815104 /* Assets.xcassets in Resources */,
			);
			runOnlyForDeploymentPostprocessing = 0;
		};
/* End PBXResourcesBuildPhase section */

/* Begin PBXShellScriptBuildPhase section */
		4C2BB56CD22EF5F9232646B4 /* [CP] Check Pods Manifest.lock */ = {
			isa = PBXShellScriptBuildPhase;
			buildActionMask = 2147483647;
			files = (
			);
			inputFileListPaths = (
			);
			inputPaths = (
				"${PODS_PODFILE_DIR_PATH}/Podfile.lock",
				"${PODS_ROOT}/Manifest.lock",
			);
			name = "[CP] Check Pods Manifest.lock";
			outputFileListPaths = (
			);
			outputPaths = (
				"$(DERIVED_FILE_DIR)/Pods-iOS_API-checkManifestLockResult.txt",
			);
			runOnlyForDeploymentPostprocessing = 0;
			shellPath = /bin/sh;
			shellScript = "diff \"${PODS_PODFILE_DIR_PATH}/Podfile.lock\" \"${PODS_ROOT}/Manifest.lock\" > /dev/null\nif [ $? != 0 ] ; then\n    # print error to STDERR\n    echo \"error: The sandbox is not in sync with the Podfile.lock. Run 'pod install' or update your CocoaPods installation.\" >&2\n    exit 1\nfi\n# This output is used by Xcode 'outputs' to avoid re-running this script phase.\necho \"SUCCESS\" > \"${SCRIPT_OUTPUT_FILE_0}\"\n";
			showEnvVarsInLog = 0;
		};
		CF8C9155C53D5695AF47A7C4 /* [CP] Embed Pods Frameworks */ = {
			isa = PBXShellScriptBuildPhase;
			buildActionMask = 2147483647;
			files = (
			);
			inputFileListPaths = (
				"${PODS_ROOT}/Target Support Files/Pods-iOS_API/Pods-iOS_API-frameworks-${CONFIGURATION}-input-files.xcfilelist",
			);
			name = "[CP] Embed Pods Frameworks";
			outputFileListPaths = (
				"${PODS_ROOT}/Target Support Files/Pods-iOS_API/Pods-iOS_API-frameworks-${CONFIGURATION}-output-files.xcfilelist",
			);
			runOnlyForDeploymentPostprocessing = 0;
			shellPath = /bin/sh;
			shellScript = "\"${PODS_ROOT}/Target Support Files/Pods-iOS_API/Pods-iOS_API-frameworks.sh\"\n";
			showEnvVarsInLog = 0;
		};
/* End PBXShellScriptBuildPhase section */

/* Begin PBXSourcesBuildPhase section */
		30EF79F8242E936E00815104 /* Sources */ = {
			isa = PBXSourcesBuildPhase;
			buildActionMask = 2147483647;
			files = (
				30EF7A14242EB83600815104 /* Globals.swift in Sources */,
				30EF7A00242E936E00815104 /* AppDelegate.swift in Sources */,
				303EAF9D243135A7003DC059 /* AvailableResponse.swift in Sources */,
				30118DAE2432770000466264 /* ApiManager.swift in Sources */,
				30EF7A02242E936E00815104 /* SceneDelegate.swift in Sources */,
				303EAF9B24313568003DC059 /* AuthResponse.swift in Sources */,
				30EF7A04242E936E00815104 /* ContentView.swift in Sources */,
			);
			runOnlyForDeploymentPostprocessing = 0;
		};
/* End PBXSourcesBuildPhase section */

/* Begin PBXVariantGroup section */
		30EF7A0A242E936F00815104 /* LaunchScreen.storyboard */ = {
			isa = PBXVariantGroup;
			children = (
				30EF7A0B242E936F00815104 /* Base */,
			);
			name = LaunchScreen.storyboard;
			sourceTree = "<group>";
		};
/* End PBXVariantGroup section */

/* Begin XCBuildConfiguration section */
		30EF7A0E242E936F00815104 /* Debug */ = {
			isa = XCBuildConfiguration;
			buildSettings = {
				ALWAYS_SEARCH_USER_PATHS = NO;
				CLANG_ANALYZER_NONNULL = YES;
				CLANG_ANALYZER_NUMBER_OBJECT_CONVERSION = YES_AGGRESSIVE;
				CLANG_CXX_LANGUAGE_STANDARD = "gnu++14";
				CLANG_CXX_LIBRARY = "libc++";
				CLANG_ENABLE_MODULES = YES;
				CLANG_ENABLE_OBJC_ARC = YES;
				CLANG_ENABLE_OBJC_WEAK = YES;
				CLANG_WARN_BLOCK_CAPTURE_AUTORELEASING = YES;
				CLANG_WARN_BOOL_CONVERSION = YES;
				CLANG_WARN_COMMA = YES;
				CLANG_WARN_CONSTANT_CONVERSION = YES;
				CLANG_WARN_DEPRECATED_OBJC_IMPLEMENTATIONS = YES;
				CLANG_WARN_DIRECT_OBJC_ISA_USAGE = YES_ERROR;
				CLANG_WARN_DOCUMENTATION_COMMENTS = YES;
				CLANG_WARN_EMPTY_BODY = YES;
				CLANG_WARN_ENUM_CONVERSION = YES;
				CLANG_WARN_INFINITE_RECURSION = YES;
				CLANG_WARN_INT_CONVERSION = YES;
				CLANG_WARN_NON_LITERAL_NULL_CONVERSION = YES;
				CLANG_WARN_OBJC_IMPLICIT_RETAIN_SELF = YES;
				CLANG_WARN_OBJC_LITERAL_CONVERSION = YES;
				CLANG_WARN_OBJC_ROOT_CLASS = YES_ERROR;
				CLANG_WARN_RANGE_LOOP_ANALYSIS = YES;
				CLANG_WARN_STRICT_PROTOTYPES = YES;
				CLANG_WARN_SUSPICIOUS_MOVE = YES;
				CLANG_WARN_UNGUARDED_AVAILABILITY = YES_AGGRESSIVE;
				CLANG_WARN_UNREACHABLE_CODE = YES;
				CLANG_WARN__DUPLICATE_METHOD_MATCH = YES;
				COPY_PHASE_STRIP = NO;
				DEBUG_INFORMATION_FORMAT = dwarf;
				ENABLE_STRICT_OBJC_MSGSEND = YES;
				ENABLE_TESTABILITY = YES;
				GCC_C_LANGUAGE_STANDARD = gnu11;
				GCC_DYNAMIC_NO_PIC = NO;
				GCC_NO_COMMON_BLOCKS = YES;
				GCC_OPTIMIZATION_LEVEL = 0;
				GCC_PREPROCESSOR_DEFINITIONS = (
					"DEBUG=1",
					"$(inherited)",
				);
				GCC_WARN_64_TO_32_BIT_CONVERSION = YES;
				GCC_WARN_ABOUT_RETURN_TYPE = YES_ERROR;
				GCC_WARN_UNDECLARED_SELECTOR = YES;
				GCC_WARN_UNINITIALIZED_AUTOS = YES_AGGRESSIVE;
				GCC_WARN_UNUSED_FUNCTION = YES;
				GCC_WARN_UNUSED_VARIABLE = YES;
				IPHONEOS_DEPLOYMENT_TARGET = 13.0;
				MTL_ENABLE_DEBUG_INFO = INCLUDE_SOURCE;
				MTL_FAST_MATH = YES;
				ONLY_ACTIVE_ARCH = YES;
				SDKROOT = iphoneos;
				SWIFT_ACTIVE_COMPILATION_CONDITIONS = DEBUG;
				SWIFT_OPTIMIZATION_LEVEL = "-Onone";
			};
			name = Debug;
		};
		30EF7A0F242E936F00815104 /* Release */ = {
			isa = XCBuildConfiguration;
			buildSettings = {
				ALWAYS_SEARCH_USER_PATHS = NO;
				CLANG_ANALYZER_NONNULL = YES;
				CLANG_ANALYZER_NUMBER_OBJECT_CONVERSION = YES_AGGRESSIVE;
				CLANG_CXX_LANGUAGE_STANDARD = "gnu++14";
				CLANG_CXX_LIBRARY = "libc++";
				CLANG_ENABLE_MODULES = YES;
				CLANG_ENABLE_OBJC_ARC = YES;
				CLANG_ENABLE_OBJC_WEAK = YES;
				CLANG_WARN_BLOCK_CAPTURE_AUTORELEASING = YES;
				CLANG_WARN_BOOL_CONVERSION = YES;
				CLANG_WARN_COMMA = YES;
				CLANG_WARN_CONSTANT_CONVERSION = YES;
				CLANG_WARN_DEPRECATED_OBJC_IMPLEMENTATIONS = YES;
				CLANG_WARN_DIRECT_OBJC_ISA_USAGE = YES_ERROR;
				CLANG_WARN_DOCUMENTATION_COMMENTS = YES;
				CLANG_WARN_EMPTY_BODY = YES;
				CLANG_WARN_ENUM_CONVERSION = YES;
				CLANG_WARN_INFINITE_RECURSION = YES;
				CLANG_WARN_INT_CONVERSION = YES;
				CLANG_WARN_NON_LITERAL_NULL_CONVERSION = YES;
				CLANG_WARN_OBJC_IMPLICIT_RETAIN_SELF = YES;
				CLANG_WARN_OBJC_LITERAL_CONVERSION = YES;
				CLANG_WARN_OBJC_ROOT_CLASS = YES_ERROR;
				CLANG_WARN_RANGE_LOOP_ANALYSIS = YES;
				CLANG_WARN_STRICT_PROTOTYPES = YES;
				CLANG_WARN_SUSPICIOUS_MOVE = YES;
				CLANG_WARN_UNGUARDED_AVAILABILITY = YES_AGGRESSIVE;
				CLANG_WARN_UNREACHABLE_CODE = YES;
				CLANG_WARN__DUPLICATE_METHOD_MATCH = YES;
				COPY_PHASE_STRIP = NO;
				DEBUG_INFORMATION_FORMAT = "dwarf-with-dsym";
				ENABLE_NS_ASSERTIONS = NO;
				ENABLE_STRICT_OBJC_MSGSEND = YES;
				GCC_C_LANGUAGE_STANDARD = gnu11;
				GCC_NO_COMMON_BLOCKS = YES;
				GCC_WARN_64_TO_32_BIT_CONVERSION = YES;
				GCC_WARN_ABOUT_RETURN_TYPE = YES_ERROR;
				GCC_WARN_UNDECLARED_SELECTOR = YES;
				GCC_WARN_UNINITIALIZED_AUTOS = YES_AGGRESSIVE;
				GCC_WARN_UNUSED_FUNCTION = YES;
				GCC_WARN_UNUSED_VARIABLE = YES;
				IPHONEOS_DEPLOYMENT_TARGET = 13.0;
				MTL_ENABLE_DEBUG_INFO = NO;
				MTL_FAST_MATH = YES;
				SDKROOT = iphoneos;
				SWIFT_COMPILATION_MODE = wholemodule;
				SWIFT_OPTIMIZATION_LEVEL = "-O";
				VALIDATE_PRODUCT = YES;
			};
			name = Release;
		};
		30EF7A11242E936F00815104 /* Debug */ = {
			isa = XCBuildConfiguration;
			baseConfigurationReference = A68FE2E38519E248350DA625 /* Pods-iOS_API.debug.xcconfig */;
			buildSettings = {
				ASSETCATALOG_COMPILER_APPICON_NAME = AppIcon;
				CODE_SIGN_STYLE = Automatic;
				DEVELOPMENT_ASSET_PATHS = "\"iOS_API/Preview Content\"";
				ENABLE_PREVIEWS = YES;
				INFOPLIST_FILE = iOS_API/Info.plist;
				IPHONEOS_DEPLOYMENT_TARGET = 13.0;
				LD_RUNPATH_SEARCH_PATHS = (
					"$(inherited)",
					"@executable_path/Frameworks",
				);
				PRODUCT_BUNDLE_IDENTIFIER = "com.ernestovaldez.iOS-API";
				PRODUCT_NAME = "$(TARGET_NAME)";
				SWIFT_VERSION = 5.0;
				TARGETED_DEVICE_FAMILY = 1;
			};
			name = Debug;
		};
		30EF7A12242E936F00815104 /* Release */ = {
			isa = XCBuildConfiguration;
			baseConfigurationReference = 67379F9930E252B8B6731488 /* Pods-iOS_API.release.xcconfig */;
			buildSettings = {
				ASSETCATALOG_COMPILER_APPICON_NAME = AppIcon;
				CODE_SIGN_STYLE = Automatic;
				DEVELOPMENT_ASSET_PATHS = "\"iOS_API/Preview Content\"";
				ENABLE_PREVIEWS = YES;
				INFOPLIST_FILE = iOS_API/Info.plist;
				IPHONEOS_DEPLOYMENT_TARGET = 13.0;
				LD_RUNPATH_SEARCH_PATHS = (
					"$(inherited)",
					"@executable_path/Frameworks",
				);
				PRODUCT_BUNDLE_IDENTIFIER = "com.ernestovaldez.iOS-API";
				PRODUCT_NAME = "$(TARGET_NAME)";
				SWIFT_VERSION = 5.0;
				TARGETED_DEVICE_FAMILY = 1;
			};
			name = Release;
		};
/* End XCBuildConfiguration section */

/* Begin XCConfigurationList section */
		30EF79F7242E936E00815104 /* Build configuration list for PBXProject "iOS_API" */ = {
			isa = XCConfigurationList;
			buildConfigurations = (
				30EF7A0E242E936F00815104 /* Debug */,
				30EF7A0F242E936F00815104 /* Release */,
			);
			defaultConfigurationIsVisible = 0;
			defaultConfigurationName = Release;
		};
		30EF7A10242E936F00815104 /* Build configuration list for PBXNativeTarget "iOS_API" */ = {
			isa = XCConfigurationList;
			buildConfigurations = (
				30EF7A11242E936F00815104 /* Debug */,
				30EF7A12242E936F00815104 /* Release */,
			);
			defaultConfigurationIsVisible = 0;
			defaultConfigurationName = Release;
		};
/* End XCConfigurationList section */
	};
	rootObject = 30EF79F4242E936E00815104 /* Project object */;
}
